
Microsoft Visual Studio Solution File, Format Version 12.00
# Visual Studio Version 16
VisualStudioVersion = 16.0.30907.101
MinimumVisualStudioVersion = 10.0.40219.1
Project("{9A19103F-16F7-4668-BE54-9A1E7A4F7556}") = "KampIntro", "KampIntro\KampIntro.csproj", "{00F8EAE2-FE3C-48D6-8AA2-CCD96CF4784F}"
EndProject
Project("{9A19103F-16F7-4668-BE54-9A1E7A4F7556}") = "Donguler", "Donguler\Donguler.csproj", "{92E75992-BE24-4436-9018-D7D570F37FF8}"
EndProject
Project("{9A19103F-16F7-4668-BE54-9A1E7A4F7556}") = "ClassIntro", "ClassIntro\ClassIntro.csproj", "{98730F0F-F1A7-4488-BC6D-734B6A442345}"
EndProject
Project("{9A19103F-16F7-4668-BE54-9A1E7A4F7556}") = "Methodlar", "Methodlar\Methodlar.csproj", "{BD0F2E8C-054F-4A97-9D98-D25941C5936F}"
EndProject
Project("{9A19103F-16F7-4668-BE54-9A1E7A4F7556}") = "Matematik", "Matematik\Matematik.csproj", "{C66000AC-9976-4184-A0E2-FF2B7D7205FE}"
EndProject
Project("{9A19103F-16F7-4668-BE54-9A1E7A4F7556}") = "DegerVeReferansTipler", "DegerVeReferansTipler\DegerVeReferansTipler.csproj", "{FC5F9D34-72D9-4DB9-B439-5286CB6EBB99}"
EndProject
Project("{FAE04EC0-301F-11D3-BF4B-00C04F79EFBC}") = "OOP1", "OOP1\OOP1.csproj", "{DE62DEBF-F505-4FD0-B489-0FC0CDA20C92}"
EndProject
Project("{FAE04EC0-301F-11D3-BF4B-00C04F79EFBC}") = "Collections", "Collections\Collections.csproj", "{B5CD87DC-A35C-4EC0-ACD3-4E0DE4FD779D}"
EndProject
Project("{FAE04EC0-301F-11D3-BF4B-00C04F79EFBC}") = "GenericsIntro", "GenericsIntro\GenericsIntro.csproj", "{CDEAF5C5-0DC6-4CD9-B5A8-B2F1F0B97403}"
EndProject
Global
	GlobalSection(SolutionConfigurationPlatforms) = preSolution
		Debug|Any CPU = Debug|Any CPU
		Release|Any CPU = Release|Any CPU
	EndGlobalSection
	GlobalSection(ProjectConfigurationPlatforms) = postSolution
		{00F8EAE2-FE3C-48D6-8AA2-CCD96CF4784F}.Debug|Any CPU.ActiveCfg = Debug|Any CPU
		{00F8EAE2-FE3C-48D6-8AA2-CCD96CF4784F}.Debug|Any CPU.Build.0 = Debug|Any CPU
		{00F8EAE2-FE3C-48D6-8AA2-CCD96CF4784F}.Release|Any CPU.ActiveCfg = Release|Any CPU
		{00F8EAE2-FE3C-48D6-8AA2-CCD96CF4784F}.Release|Any CPU.Build.0 = Release|Any CPU
		{92E75992-BE24-4436-9018-D7D570F37FF8}.Debug|Any CPU.ActiveCfg = Debug|Any CPU
		{92E75992-BE24-4436-9018-D7D570F37FF8}.Debug|Any CPU.Build.0 = Debug|Any CPU
		{92E75992-BE24-4436-9018-D7D570F37FF8}.Release|Any CPU.ActiveCfg = Release|Any CPU
		{92E75992-BE24-4436-9018-D7D570F37FF8}.Release|Any CPU.Build.0 = Release|Any CPU
		{98730F0F-F1A7-4488-BC6D-734B6A442345}.Debug|Any CPU.ActiveCfg = Debug|Any CPU
		{98730F0F-F1A7-4488-BC6D-734B6A442345}.Debug|Any CPU.Build.0 = Debug|Any CPU
		{98730F0F-F1A7-4488-BC6D-734B6A442345}.Release|Any CPU.ActiveCfg = Release|Any CPU
		{98730F0F-F1A7-4488-BC6D-734B6A442345}.Release|Any CPU.Build.0 = Release|Any CPU
		{BD0F2E8C-054F-4A97-9D98-D25941C5936F}.Debug|Any CPU.ActiveCfg = Debug|Any CPU
		{BD0F2E8C-054F-4A97-9D98-D25941C5936F}.Debug|Any CPU.Build.0 = Debug|Any CPU
		{BD0F2E8C-054F-4A97-9D98-D25941C5936F}.Release|Any CPU.ActiveCfg = Release|Any CPU
		{BD0F2E8C-054F-4A97-9D98-D25941C5936F}.Release|Any CPU.Build.0 = Release|Any CPU
		{C66000AC-9976-4184-A0E2-FF2B7D7205FE}.Debug|Any CPU.ActiveCfg = Debug|Any CPU
		{C66000AC-9976-4184-A0E2-FF2B7D7205FE}.Debug|Any CPU.Build.0 = Debug|Any CPU
		{C66000AC-9976-4184-A0E2-FF2B7D7205FE}.Release|Any CPU.ActiveCfg = Release|Any CPU
		{C66000AC-9976-4184-A0E2-FF2B7D7205FE}.Release|Any CPU.Build.0 = Release|Any CPU
		{FC5F9D34-72D9-4DB9-B439-5286CB6EBB99}.Debug|Any CPU.ActiveCfg = Debug|Any CPU
		{FC5F9D34-72D9-4DB9-B439-5286CB6EBB99}.Debug|Any CPU.Build.0 = Debug|Any CPU
		{FC5F9D34-72D9-4DB9-B439-5286CB6EBB99}.Release|Any CPU.ActiveCfg = Release|Any CPU
		{FC5F9D34-72D9-4DB9-B439-5286CB6EBB99}.Release|Any CPU.Build.0 = Release|Any CPU
		{DE62DEBF-F505-4FD0-B489-0FC0CDA20C92}.Debug|Any CPU.ActiveCfg = Debug|Any CPU
		{DE62DEBF-F505-4FD0-B489-0FC0CDA20C92}.Debug|Any CPU.Build.0 = Debug|Any CPU
		{DE62DEBF-F505-4FD0-B489-0FC0CDA20C92}.Release|Any CPU.ActiveCfg = Release|Any CPU
		{DE62DEBF-F505-4FD0-B489-0FC0CDA20C92}.Release|Any CPU.Build.0 = Release|Any CPU
		{B5CD87DC-A35C-4EC0-ACD3-4E0DE4FD779D}.Debug|Any CPU.ActiveCfg = Debug|Any CPU
		{B5CD87DC-A35C-4EC0-ACD3-4E0DE4FD779D}.Debug|Any CPU.Build.0 = Debug|Any CPU
		{B5CD87DC-A35C-4EC0-ACD3-4E0DE4FD779D}.Release|Any CPU.ActiveCfg = Release|Any CPU
		{B5CD87DC-A35C-4EC0-ACD3-4E0DE4FD779D}.Release|Any CPU.Build.0 = Release|Any CPU
		{CDEAF5C5-0DC6-4CD9-B5A8-B2F1F0B97403}.Debug|Any CPU.ActiveCfg = Debug|Any CPU
		{CDEAF5C5-0DC6-4CD9-B5A8-B2F1F0B97403}.Debug|Any CPU.Build.0 = Debug|Any CPU
		{CDEAF5C5-0DC6-4CD9-B5A8-B2F1F0B97403}.Release|Any CPU.ActiveCfg = Release|Any CPU
		{CDEAF5C5-0DC6-4CD9-B5A8-B2F1F0B97403}.Release|Any CPU.Build.0 = Release|Any CPU
	EndGlobalSection
	GlobalSection(SolutionProperties) = preSolution
		HideSolutionNode = FALSE
	EndGlobalSection
	GlobalSection(ExtensibilityGlobals) = postSolution
		SolutionGuid = {77A31B04-B625-4EBB-AC40-0FBA23FD1E1A}
	EndGlobalSection
EndGlobal
